
Microsoft Visual Studio Solution File, Format Version 12.00
# Visual Studio Version 16
VisualStudioVersion = 16.0.29709.97
MinimumVisualStudioVersion = 10.0.40219.1
Project("{FAE04EC0-301F-11D3-BF4B-00C04F79EFBC}") = "Fase3", "Fase3\Fase3.csproj", "{CD042789-910F-4F5B-9C6D-8F4CCFA00C0C}"
EndProject
Global
	GlobalSection(SolutionConfigurationPlatforms) = preSolution
		Debug|Any CPU = Debug|Any CPU
		Release|Any CPU = Release|Any CPU
	EndGlobalSection
	GlobalSection(ProjectConfigurationPlatforms) = postSolution
		{CD042789-910F-4F5B-9C6D-8F4CCFA00C0C}.Debug|Any CPU.ActiveCfg = Debug|Any CPU
		{CD042789-910F-4F5B-9C6D-8F4CCFA00C0C}.Debug|Any CPU.Build.0 = Debug|Any CPU
		{CD042789-910F-4F5B-9C6D-8F4CCFA00C0C}.Release|Any CPU.ActiveCfg = Release|Any CPU
		{CD042789-910F-4F5B-9C6D-8F4CCFA00C0C}.Release|Any CPU.Build.0 = Release|Any CPU
	EndGlobalSection
	GlobalSection(SolutionProperties) = preSolution
		HideSolutionNode = FALSE
	EndGlobalSection
	GlobalSection(ExtensibilityGlobals) = postSolution
		SolutionGuid = {09958E3F-D369-4836-A51F-0C539A723EB6}
	EndGlobalSection
EndGlobal
