
Microsoft Visual Studio Solution File, Format Version 12.00
# Visual Studio Version 16
VisualStudioVersion = 16.0.29709.97
MinimumVisualStudioVersion = 10.0.40219.1
Project("{FAE04EC0-301F-11D3-BF4B-00C04F79EFBC}") = "Fase3", "Fase3\Fase3.csproj", "{68FBD8EF-DA4F-4937-861D-598E0F0BFFCE}"
EndProject
Global
	GlobalSection(SolutionConfigurationPlatforms) = preSolution
		Debug|Any CPU = Debug|Any CPU
		Release|Any CPU = Release|Any CPU
	EndGlobalSection
	GlobalSection(ProjectConfigurationPlatforms) = postSolution
		{68FBD8EF-DA4F-4937-861D-598E0F0BFFCE}.Debug|Any CPU.ActiveCfg = Debug|Any CPU
		{68FBD8EF-DA4F-4937-861D-598E0F0BFFCE}.Debug|Any CPU.Build.0 = Debug|Any CPU
		{68FBD8EF-DA4F-4937-861D-598E0F0BFFCE}.Release|Any CPU.ActiveCfg = Release|Any CPU
		{68FBD8EF-DA4F-4937-861D-598E0F0BFFCE}.Release|Any CPU.Build.0 = Release|Any CPU
	EndGlobalSection
	GlobalSection(SolutionProperties) = preSolution
		HideSolutionNode = FALSE
	EndGlobalSection
	GlobalSection(ExtensibilityGlobals) = postSolution
		SolutionGuid = {4174C791-2A9A-4949-8DD7-B6ED73F9ADAF}
	EndGlobalSection
EndGlobal
