
Microsoft Visual Studio Solution File, Format Version 12.00
# Visual Studio Version 16
VisualStudioVersion = 16.0.29709.97
MinimumVisualStudioVersion = 10.0.40219.1
Project("{FAE04EC0-301F-11D3-BF4B-00C04F79EFBC}") = "Fase2", "Fase2\Fase2.csproj", "{076E28CB-9392-42A0-9134-570682C3809B}"
EndProject
Global
	GlobalSection(SolutionConfigurationPlatforms) = preSolution
		Debug|Any CPU = Debug|Any CPU
		Release|Any CPU = Release|Any CPU
	EndGlobalSection
	GlobalSection(ProjectConfigurationPlatforms) = postSolution
		{076E28CB-9392-42A0-9134-570682C3809B}.Debug|Any CPU.ActiveCfg = Debug|Any CPU
		{076E28CB-9392-42A0-9134-570682C3809B}.Debug|Any CPU.Build.0 = Debug|Any CPU
		{076E28CB-9392-42A0-9134-570682C3809B}.Release|Any CPU.ActiveCfg = Release|Any CPU
		{076E28CB-9392-42A0-9134-570682C3809B}.Release|Any CPU.Build.0 = Release|Any CPU
	EndGlobalSection
	GlobalSection(SolutionProperties) = preSolution
		HideSolutionNode = FALSE
	EndGlobalSection
	GlobalSection(ExtensibilityGlobals) = postSolution
		SolutionGuid = {20210275-7CD9-4300-A951-466A6B39246B}
	EndGlobalSection
EndGlobal
