
Microsoft Visual Studio Solution File, Format Version 12.00
# Visual Studio Version 16
VisualStudioVersion = 16.0.29613.14
MinimumVisualStudioVersion = 10.0.40219.1
Project("{FAE04EC0-301F-11D3-BF4B-00C04F79EFBC}") = "Fase4", "Fase4\Fase4.csproj", "{F7F25D6C-9F2E-4664-A206-8F6FF7EFC338}"
EndProject
Global
	GlobalSection(SolutionConfigurationPlatforms) = preSolution
		Debug|Any CPU = Debug|Any CPU
		Release|Any CPU = Release|Any CPU
	EndGlobalSection
	GlobalSection(ProjectConfigurationPlatforms) = postSolution
		{F7F25D6C-9F2E-4664-A206-8F6FF7EFC338}.Debug|Any CPU.ActiveCfg = Debug|Any CPU
		{F7F25D6C-9F2E-4664-A206-8F6FF7EFC338}.Debug|Any CPU.Build.0 = Debug|Any CPU
		{F7F25D6C-9F2E-4664-A206-8F6FF7EFC338}.Release|Any CPU.ActiveCfg = Release|Any CPU
		{F7F25D6C-9F2E-4664-A206-8F6FF7EFC338}.Release|Any CPU.Build.0 = Release|Any CPU
	EndGlobalSection
	GlobalSection(SolutionProperties) = preSolution
		HideSolutionNode = FALSE
	EndGlobalSection
	GlobalSection(ExtensibilityGlobals) = postSolution
		SolutionGuid = {C7D2020B-73AD-495C-8D46-7E23414515F2}
	EndGlobalSection
EndGlobal
