
Microsoft Visual Studio Solution File, Format Version 12.00
# Visual Studio Version 16
VisualStudioVersion = 16.0.29728.190
MinimumVisualStudioVersion = 10.0.40219.1
Project("{FAE04EC0-301F-11D3-BF4B-00C04F79EFBC}") = "3.Paso3_4", "3.Paso3_4\3.Paso3_4.csproj", "{60147BA4-D47E-41D0-8DD1-7801FE8D5A40}"
EndProject
Global
	GlobalSection(SolutionConfigurationPlatforms) = preSolution
		Debug|Any CPU = Debug|Any CPU
		Release|Any CPU = Release|Any CPU
	EndGlobalSection
	GlobalSection(ProjectConfigurationPlatforms) = postSolution
		{60147BA4-D47E-41D0-8DD1-7801FE8D5A40}.Debug|Any CPU.ActiveCfg = Debug|Any CPU
		{60147BA4-D47E-41D0-8DD1-7801FE8D5A40}.Debug|Any CPU.Build.0 = Debug|Any CPU
		{60147BA4-D47E-41D0-8DD1-7801FE8D5A40}.Release|Any CPU.ActiveCfg = Release|Any CPU
		{60147BA4-D47E-41D0-8DD1-7801FE8D5A40}.Release|Any CPU.Build.0 = Release|Any CPU
	EndGlobalSection
	GlobalSection(SolutionProperties) = preSolution
		HideSolutionNode = FALSE
	EndGlobalSection
	GlobalSection(ExtensibilityGlobals) = postSolution
		SolutionGuid = {7629EF76-90D7-4E9A-B518-BCED57A2257B}
	EndGlobalSection
EndGlobal
